
Microsoft Visual Studio Solution File, Format Version 12.00
# Visual Studio Version 17
VisualStudioVersion = 17.9.34622.214
MinimumVisualStudioVersion = 10.0.40219.1
Project("{FAE04EC0-301F-11D3-BF4B-00C04F79EFBC}") = "TAFESA-EnrolmentSystem", "TAFESA-EnrolmentSystem\TAFESA-EnrolmentSystem.csproj", "{A386AAEB-62C6-451A-AF86-1A87594DF7BB}"
EndProject
Project("{FAE04EC0-301F-11D3-BF4B-00C04F79EFBC}") = "StudentTest", "StudentTests\StudentTest.csproj", "{FCCE4428-7A9C-4F20-A0D7-B97ABD8BA7C4}"
EndProject
Global
	GlobalSection(SolutionConfigurationPlatforms) = preSolution
		Debug|Any CPU = Debug|Any CPU
		Release|Any CPU = Release|Any CPU
	EndGlobalSection
	GlobalSection(ProjectConfigurationPlatforms) = postSolution
		{A386AAEB-62C6-451A-AF86-1A87594DF7BB}.Debug|Any CPU.ActiveCfg = Debug|Any CPU
		{A386AAEB-62C6-451A-AF86-1A87594DF7BB}.Debug|Any CPU.Build.0 = Debug|Any CPU
		{A386AAEB-62C6-451A-AF86-1A87594DF7BB}.Release|Any CPU.ActiveCfg = Release|Any CPU
		{A386AAEB-62C6-451A-AF86-1A87594DF7BB}.Release|Any CPU.Build.0 = Release|Any CPU
		{FCCE4428-7A9C-4F20-A0D7-B97ABD8BA7C4}.Debug|Any CPU.ActiveCfg = Debug|Any CPU
		{FCCE4428-7A9C-4F20-A0D7-B97ABD8BA7C4}.Debug|Any CPU.Build.0 = Debug|Any CPU
		{FCCE4428-7A9C-4F20-A0D7-B97ABD8BA7C4}.Release|Any CPU.ActiveCfg = Release|Any CPU
		{FCCE4428-7A9C-4F20-A0D7-B97ABD8BA7C4}.Release|Any CPU.Build.0 = Release|Any CPU
	EndGlobalSection
	GlobalSection(SolutionProperties) = preSolution
		HideSolutionNode = FALSE
	EndGlobalSection
	GlobalSection(ExtensibilityGlobals) = postSolution
		SolutionGuid = {876D8F5C-DC3D-4668-BDDE-ECD6AA5228C2}
	EndGlobalSection
EndGlobal
